
Microsoft Visual Studio Solution File, Format Version 12.00
# Visual Studio 15
Project("{FAE04EC0-301F-11D3-BF4B-00C04F79EFBC}") = "SimpleWebTransport", "SimpleWebTransport.csproj", "{9737DE3C-43E8-DAE1-9F3C-FEB9BD433022}"
EndProject
Project("{FAE04EC0-301F-11D3-BF4B-00C04F79EFBC}") = "Mirror.Examples", "Mirror.Examples.csproj", "{047F1B74-CFB4-D01D-1F59-72D3B3CAD866}"
EndProject
Project("{FAE04EC0-301F-11D3-BF4B-00C04F79EFBC}") = "Mirror", "Mirror.csproj", "{14D8A623-BE5A-38BF-EF0C-63FD352A213A}"
EndProject
Project("{FAE04EC0-301F-11D3-BF4B-00C04F79EFBC}") = "Mirror.Components", "Mirror.Components.csproj", "{B4E9DCB0-C652-7784-3BB4-D4F9AA776E8A}"
EndProject
Project("{FAE04EC0-301F-11D3-BF4B-00C04F79EFBC}") = "Assembly-CSharp", "Assembly-CSharp.csproj", "{6CC92EE2-C97E-2137-C111-F092707B90B5}"
EndProject
Project("{FAE04EC0-301F-11D3-BF4B-00C04F79EFBC}") = "Telepathy", "Telepathy.csproj", "{22359E92-916B-3C47-77C3-21B3A24DA791}"
EndProject
Project("{FAE04EC0-301F-11D3-BF4B-00C04F79EFBC}") = "kcp2k", "kcp2k.csproj", "{C3C84F49-B57E-6BC6-6D5B-40F382C01967}"
EndProject
Project("{FAE04EC0-301F-11D3-BF4B-00C04F79EFBC}") = "where-allocations", "where-allocations.csproj", "{3B3B59D6-D61A-E301-E319-927E813A1E16}"
EndProject
Project("{FAE04EC0-301F-11D3-BF4B-00C04F79EFBC}") = "Mirror.Authenticators", "Mirror.Authenticators.csproj", "{1E61B4A4-DF13-0778-6B22-A559BD8F4A04}"
EndProject
Project("{FAE04EC0-301F-11D3-BF4B-00C04F79EFBC}") = "Unity.Mirror.CodeGen", "Unity.Mirror.CodeGen.csproj", "{770BF8EF-C302-7484-E196-9938374F1671}"
EndProject
Project("{FAE04EC0-301F-11D3-BF4B-00C04F79EFBC}") = "Mirror.Editor", "Mirror.Editor.csproj", "{2D5B6E25-7A43-C3C7-5EC4-8E5B6B60AE70}"
EndProject
Project("{FAE04EC0-301F-11D3-BF4B-00C04F79EFBC}") = "Mirror.CompilerSymbols", "Mirror.CompilerSymbols.csproj", "{65248994-F273-EF1D-A347-4DE4EAEA08DE}"
EndProject
Global
	GlobalSection(SolutionConfigurationPlatforms) = preSolution
		Debug|Any CPU = Debug|Any CPU
		Release|Any CPU = Release|Any CPU
	EndGlobalSection
	GlobalSection(ProjectConfigurationPlatforms) = postSolution
		{9737DE3C-43E8-DAE1-9F3C-FEB9BD433022}.Debug|Any CPU.ActiveCfg = Debug|Any CPU
		{9737DE3C-43E8-DAE1-9F3C-FEB9BD433022}.Debug|Any CPU.Build.0 = Debug|Any CPU
		{9737DE3C-43E8-DAE1-9F3C-FEB9BD433022}.Release|Any CPU.ActiveCfg = Release|Any CPU
		{9737DE3C-43E8-DAE1-9F3C-FEB9BD433022}.Release|Any CPU.Build.0 = Release|Any CPU
		{047F1B74-CFB4-D01D-1F59-72D3B3CAD866}.Debug|Any CPU.ActiveCfg = Debug|Any CPU
		{047F1B74-CFB4-D01D-1F59-72D3B3CAD866}.Debug|Any CPU.Build.0 = Debug|Any CPU
		{047F1B74-CFB4-D01D-1F59-72D3B3CAD866}.Release|Any CPU.ActiveCfg = Release|Any CPU
		{047F1B74-CFB4-D01D-1F59-72D3B3CAD866}.Release|Any CPU.Build.0 = Release|Any CPU
		{14D8A623-BE5A-38BF-EF0C-63FD352A213A}.Debug|Any CPU.ActiveCfg = Debug|Any CPU
		{14D8A623-BE5A-38BF-EF0C-63FD352A213A}.Debug|Any CPU.Build.0 = Debug|Any CPU
		{14D8A623-BE5A-38BF-EF0C-63FD352A213A}.Release|Any CPU.ActiveCfg = Release|Any CPU
		{14D8A623-BE5A-38BF-EF0C-63FD352A213A}.Release|Any CPU.Build.0 = Release|Any CPU
		{B4E9DCB0-C652-7784-3BB4-D4F9AA776E8A}.Debug|Any CPU.ActiveCfg = Debug|Any CPU
		{B4E9DCB0-C652-7784-3BB4-D4F9AA776E8A}.Debug|Any CPU.Build.0 = Debug|Any CPU
		{B4E9DCB0-C652-7784-3BB4-D4F9AA776E8A}.Release|Any CPU.ActiveCfg = Release|Any CPU
		{B4E9DCB0-C652-7784-3BB4-D4F9AA776E8A}.Release|Any CPU.Build.0 = Release|Any CPU
		{6CC92EE2-C97E-2137-C111-F092707B90B5}.Debug|Any CPU.ActiveCfg = Debug|Any CPU
		{6CC92EE2-C97E-2137-C111-F092707B90B5}.Debug|Any CPU.Build.0 = Debug|Any CPU
		{6CC92EE2-C97E-2137-C111-F092707B90B5}.Release|Any CPU.ActiveCfg = Release|Any CPU
		{6CC92EE2-C97E-2137-C111-F092707B90B5}.Release|Any CPU.Build.0 = Release|Any CPU
		{22359E92-916B-3C47-77C3-21B3A24DA791}.Debug|Any CPU.ActiveCfg = Debug|Any CPU
		{22359E92-916B-3C47-77C3-21B3A24DA791}.Debug|Any CPU.Build.0 = Debug|Any CPU
		{22359E92-916B-3C47-77C3-21B3A24DA791}.Release|Any CPU.ActiveCfg = Release|Any CPU
		{22359E92-916B-3C47-77C3-21B3A24DA791}.Release|Any CPU.Build.0 = Release|Any CPU
		{C3C84F49-B57E-6BC6-6D5B-40F382C01967}.Debug|Any CPU.ActiveCfg = Debug|Any CPU
		{C3C84F49-B57E-6BC6-6D5B-40F382C01967}.Debug|Any CPU.Build.0 = Debug|Any CPU
		{C3C84F49-B57E-6BC6-6D5B-40F382C01967}.Release|Any CPU.ActiveCfg = Release|Any CPU
		{C3C84F49-B57E-6BC6-6D5B-40F382C01967}.Release|Any CPU.Build.0 = Release|Any CPU
		{3B3B59D6-D61A-E301-E319-927E813A1E16}.Debug|Any CPU.ActiveCfg = Debug|Any CPU
		{3B3B59D6-D61A-E301-E319-927E813A1E16}.Debug|Any CPU.Build.0 = Debug|Any CPU
		{3B3B59D6-D61A-E301-E319-927E813A1E16}.Release|Any CPU.ActiveCfg = Release|Any CPU
		{3B3B59D6-D61A-E301-E319-927E813A1E16}.Release|Any CPU.Build.0 = Release|Any CPU
		{1E61B4A4-DF13-0778-6B22-A559BD8F4A04}.Debug|Any CPU.ActiveCfg = Debug|Any CPU
		{1E61B4A4-DF13-0778-6B22-A559BD8F4A04}.Debug|Any CPU.Build.0 = Debug|Any CPU
		{1E61B4A4-DF13-0778-6B22-A559BD8F4A04}.Release|Any CPU.ActiveCfg = Release|Any CPU
		{1E61B4A4-DF13-0778-6B22-A559BD8F4A04}.Release|Any CPU.Build.0 = Release|Any CPU
		{770BF8EF-C302-7484-E196-9938374F1671}.Debug|Any CPU.ActiveCfg = Debug|Any CPU
		{770BF8EF-C302-7484-E196-9938374F1671}.Debug|Any CPU.Build.0 = Debug|Any CPU
		{770BF8EF-C302-7484-E196-9938374F1671}.Release|Any CPU.ActiveCfg = Release|Any CPU
		{770BF8EF-C302-7484-E196-9938374F1671}.Release|Any CPU.Build.0 = Release|Any CPU
		{2D5B6E25-7A43-C3C7-5EC4-8E5B6B60AE70}.Debug|Any CPU.ActiveCfg = Debug|Any CPU
		{2D5B6E25-7A43-C3C7-5EC4-8E5B6B60AE70}.Debug|Any CPU.Build.0 = Debug|Any CPU
		{2D5B6E25-7A43-C3C7-5EC4-8E5B6B60AE70}.Release|Any CPU.ActiveCfg = Release|Any CPU
		{2D5B6E25-7A43-C3C7-5EC4-8E5B6B60AE70}.Release|Any CPU.Build.0 = Release|Any CPU
		{65248994-F273-EF1D-A347-4DE4EAEA08DE}.Debug|Any CPU.ActiveCfg = Debug|Any CPU
		{65248994-F273-EF1D-A347-4DE4EAEA08DE}.Debug|Any CPU.Build.0 = Debug|Any CPU
		{65248994-F273-EF1D-A347-4DE4EAEA08DE}.Release|Any CPU.ActiveCfg = Release|Any CPU
		{65248994-F273-EF1D-A347-4DE4EAEA08DE}.Release|Any CPU.Build.0 = Release|Any CPU
	EndGlobalSection
	GlobalSection(SolutionProperties) = preSolution
		HideSolutionNode = FALSE
	EndGlobalSection
EndGlobal
